
Microsoft Visual Studio Solution File, Format Version 12.00
# Visual Studio 15
VisualStudioVersion = 15.0.28307.705
MinimumVisualStudioVersion = 10.0.40219.1
Project("{FAE04EC0-301F-11D3-BF4B-00C04F79EFBC}") = "XtendDacRules", "XtendDacRules\XtendDacRules.csproj", "{296740F7-8B32-45D9-99CE-13111E2AF5DE}"
EndProject
Global
	GlobalSection(SolutionConfigurationPlatforms) = preSolution
		Debug|Any CPU = Debug|Any CPU
		Release|Any CPU = Release|Any CPU
	EndGlobalSection
	GlobalSection(ProjectConfigurationPlatforms) = postSolution
		{296740F7-8B32-45D9-99CE-13111E2AF5DE}.Debug|Any CPU.ActiveCfg = Debug|Any CPU
		{296740F7-8B32-45D9-99CE-13111E2AF5DE}.Debug|Any CPU.Build.0 = Debug|Any CPU
		{296740F7-8B32-45D9-99CE-13111E2AF5DE}.Release|Any CPU.ActiveCfg = Release|Any CPU
		{296740F7-8B32-45D9-99CE-13111E2AF5DE}.Release|Any CPU.Build.0 = Release|Any CPU
	EndGlobalSection
	GlobalSection(SolutionProperties) = preSolution
		HideSolutionNode = FALSE
	EndGlobalSection
	GlobalSection(ExtensibilityGlobals) = postSolution
		SolutionGuid = {5441F9D1-5B98-4D84-8E01-91675680F591}
	EndGlobalSection
EndGlobal
